{
  "markbot": "d894574f645557ed6840260d95898280255e2701acf32bff638ada06c62116dc",
  "markbotignore": "030a4e6e1b3b6b510514a7ae54576e2c2ef762d56236c6414ef634955d96a126",
  "index-320.png": "e68912af843e9692d05fbd1c4166980bb98e4d6a39299f184859ea65133a1914",
  "index-400.png": "a4c84fd1556b4b8f3ce164ef10cbc978e7c3e00c94db2da493bdd72830dce2f5",
  "index-608.png": "0dcb30e771acae35fa3488cdc48c4a1a8fc7709caf14a734474cc3fed2c4f110",
  "index-960.png": "b778ff27359c5f810fd6372777e193c2dadcdf323eb0a7cd065b6c3b80fc56c1",
  "index-1440.png": "6fc5427fb67d226b50f572df4978135c1fada33ead989177def876a18fc091cf"
}