{
  "markbot": "c49d7a7d5a7b825fbdbb623f72bef600ab3aeb5e14931f9ad6fc98adc1230522",
  "markbotignore": "030a4e6e1b3b6b510514a7ae54576e2c2ef762d56236c6414ef634955d96a126",
  "index-320.png": "338515a808f9c2e14dbbd2b87337dcbd163735667c0de55af7cd89441eea14e4",
  "index-400.png": "65e5a0fdbfd74bad96ffd6598d86d2529ce8c7c3ab2dbd4d9f77ee9a4628f5b0",
  "index-608.png": "e18036c9c184ad5bd42b9f4ebf3613bbbd1a1628c91eac66bab092a082a6107c",
  "index-960.png": "3b976e83fed570bb231cac4355f8f79c5b4957f670d3c381dab07554808fb813",
  "index-1440.png": "fa515aa451c3aeab6f9e8b32df73093e61ca7ff9a47a06c85e7dd2dd7d7804fa"
}