{
  "markbot": "c49d7a7d5a7b825fbdbb623f72bef600ab3aeb5e14931f9ad6fc98adc1230522",
  "markbotignore": "030a4e6e1b3b6b510514a7ae54576e2c2ef762d56236c6414ef634955d96a126",
  "index-320.png": "5929678c24bf38962b7f98957e81064a525a502ce787581a81cf29dc65797e7b",
  "index-400.png": "07d5d7b4fd16551d7c34d13bf1ece3272e46ed5ba74e7a02ba2c0e7ddfb80590",
  "index-608.png": "7b448d6d5d75a918fe96750a49e38d6c4a84318c44218b27c8432cc3f462367e",
  "index-960.png": "f78eee0ee883dd74e3a00a916a102b68953e93ea4e37c7f405d1582c0c002b9e",
  "index-1440.png": "d666f598e967996024c3a85e64d3f3679029a4115a1c0f228261b75c7b8fe3c7"
}